// !$*UTF8*$!
{
	archiveVersion = 1;
	classes = {
	};
	objectVersion = 56;
	objects = {

/* Begin PBXBuildFile section */
		E82B3C3A2BD5C41600DF5DD9 /* poc_expense_swiftdataApp.swift in Sources */ = {isa = PBXBuildFile; fileRef = E82B3C392BD5C41600DF5DD9 /* poc_expense_swiftdataApp.swift */; };
		E82B3C3C2BD5C41600DF5DD9 /* ContentView.swift in Sources */ = {isa = PBXBuildFile; fileRef = E82B3C3B2BD5C41600DF5DD9 /* ContentView.swift */; };
		E82B3C3E2BD5C41600DF5DD9 /* Expense.swift in Sources */ = {isa = PBXBuildFile; fileRef = E82B3C3D2BD5C41600DF5DD9 /* Expense.swift */; };
		E82B3C402BD5C41700DF5DD9 /* Assets.xcassets in Resources */ = {isa = PBXBuildFile; fileRef = E82B3C3F2BD5C41700DF5DD9 /* Assets.xcassets */; };
		E82B3C432BD5C41700DF5DD9 /* Preview Assets.xcassets in Resources */ = {isa = PBXBuildFile; fileRef = E82B3C422BD5C41700DF5DD9 /* Preview Assets.xcassets */; };
		E82B3C4D2BD5C41700DF5DD9 /* poc_expense_swiftdataTests.swift in Sources */ = {isa = PBXBuildFile; fileRef = E82B3C4C2BD5C41700DF5DD9 /* poc_expense_swiftdataTests.swift */; };
		E82B3C572BD5C41700DF5DD9 /* poc_expense_swiftdataUITests.swift in Sources */ = {isa = PBXBuildFile; fileRef = E82B3C562BD5C41700DF5DD9 /* poc_expense_swiftdataUITests.swift */; };
		E82B3C592BD5C41700DF5DD9 /* poc_expense_swiftdataUITestsLaunchTests.swift in Sources */ = {isa = PBXBuildFile; fileRef = E82B3C582BD5C41700DF5DD9 /* poc_expense_swiftdataUITestsLaunchTests.swift */; };
		E82B3C662BD5CAF400DF5DD9 /* AddExpenseSheet.swift in Sources */ = {isa = PBXBuildFile; fileRef = E82B3C652BD5CAF400DF5DD9 /* AddExpenseSheet.swift */; };
		E82B3C682BD5CDBC00DF5DD9 /* ExpenseCell.swift in Sources */ = {isa = PBXBuildFile; fileRef = E82B3C672BD5CDBC00DF5DD9 /* ExpenseCell.swift */; };
		E82B3C6A2BD5F1A100DF5DD9 /* UpdateExpenseSheet.swift in Sources */ = {isa = PBXBuildFile; fileRef = E82B3C692BD5F1A100DF5DD9 /* UpdateExpenseSheet.swift */; };
		E866E56B2BE747CD00EBB69A /* ChartView.swift in Sources */ = {isa = PBXBuildFile; fileRef = E866E56A2BE747CD00EBB69A /* ChartView.swift */; };
/* End PBXBuildFile section */

/* Begin PBXContainerItemProxy section */
		E82B3C492BD5C41700DF5DD9 /* PBXContainerItemProxy */ = {
			isa = PBXContainerItemProxy;
			containerPortal = E82B3C2E2BD5C41600DF5DD9 /* Project object */;
			proxyType = 1;
			remoteGlobalIDString = E82B3C352BD5C41600DF5DD9;
			remoteInfo = "poc-expense-swiftdata";
		};
		E82B3C532BD5C41700DF5DD9 /* PBXContainerItemProxy */ = {
			isa = PBXContainerItemProxy;
			containerPortal = E82B3C2E2BD5C41600DF5DD9 /* Project object */;
			proxyType = 1;
			remoteGlobalIDString = E82B3C352BD5C41600DF5DD9;
			remoteInfo = "poc-expense-swiftdata";
		};
/* End PBXContainerItemProxy section */

/* Begin PBXFileReference section */
		E82B3C362BD5C41600DF5DD9 /* poc-expense-swiftdata.app */ = {isa = PBXFileReference; explicitFileType = wrapper.application; includeInIndex = 0; path = "poc-expense-swiftdata.app"; sourceTree = BUILT_PRODUCTS_DIR; };
		E82B3C392BD5C41600DF5DD9 /* poc_expense_swiftdataApp.swift */ = {isa = PBXFileReference; lastKnownFileType = sourcecode.swift; path = poc_expense_swiftdataApp.swift; sourceTree = "<group>"; };
		E82B3C3B2BD5C41600DF5DD9 /* ContentView.swift */ = {isa = PBXFileReference; lastKnownFileType = sourcecode.swift; path = ContentView.swift; sourceTree = "<group>"; };
		E82B3C3D2BD5C41600DF5DD9 /* Expense.swift */ = {isa = PBXFileReference; lastKnownFileType = sourcecode.swift; path = Expense.swift; sourceTree = "<group>"; };
		E82B3C3F2BD5C41700DF5DD9 /* Assets.xcassets */ = {isa = PBXFileReference; lastKnownFileType = folder.assetcatalog; path = Assets.xcassets; sourceTree = "<group>"; };
		E82B3C422BD5C41700DF5DD9 /* Preview Assets.xcassets */ = {isa = PBXFileReference; lastKnownFileType = folder.assetcatalog; path = "Preview Assets.xcassets"; sourceTree = "<group>"; };
		E82B3C482BD5C41700DF5DD9 /* poc-expense-swiftdataTests.xctest */ = {isa = PBXFileReference; explicitFileType = wrapper.cfbundle; includeInIndex = 0; path = "poc-expense-swiftdataTests.xctest"; sourceTree = BUILT_PRODUCTS_DIR; };
		E82B3C4C2BD5C41700DF5DD9 /* poc_expense_swiftdataTests.swift */ = {isa = PBXFileReference; lastKnownFileType = sourcecode.swift; path = poc_expense_swiftdataTests.swift; sourceTree = "<group>"; };
		E82B3C522BD5C41700DF5DD9 /* poc-expense-swiftdataUITests.xctest */ = {isa = PBXFileReference; explicitFileType = wrapper.cfbundle; includeInIndex = 0; path = "poc-expense-swiftdataUITests.xctest"; sourceTree = BUILT_PRODUCTS_DIR; };
		E82B3C562BD5C41700DF5DD9 /* poc_expense_swiftdataUITests.swift */ = {isa = PBXFileReference; lastKnownFileType = sourcecode.swift; path = poc_expense_swiftdataUITests.swift; sourceTree = "<group>"; };
		E82B3C582BD5C41700DF5DD9 /* poc_expense_swiftdataUITestsLaunchTests.swift */ = {isa = PBXFileReference; lastKnownFileType = sourcecode.swift; path = poc_expense_swiftdataUITestsLaunchTests.swift; sourceTree = "<group>"; };
		E82B3C652BD5CAF400DF5DD9 /* AddExpenseSheet.swift */ = {isa = PBXFileReference; lastKnownFileType = sourcecode.swift; path = AddExpenseSheet.swift; sourceTree = "<group>"; };
		E82B3C672BD5CDBC00DF5DD9 /* ExpenseCell.swift */ = {isa = PBXFileReference; lastKnownFileType = sourcecode.swift; path = ExpenseCell.swift; sourceTree = "<group>"; };
		E82B3C692BD5F1A100DF5DD9 /* UpdateExpenseSheet.swift */ = {isa = PBXFileReference; lastKnownFileType = sourcecode.swift; path = UpdateExpenseSheet.swift; sourceTree = "<group>"; };
		E866E56A2BE747CD00EBB69A /* ChartView.swift */ = {isa = PBXFileReference; lastKnownFileType = sourcecode.swift; path = ChartView.swift; sourceTree = "<group>"; };
/* End PBXFileReference section */

/* Begin PBXFrameworksBuildPhase section */
		E82B3C332BD5C41600DF5DD9 /* Frameworks */ = {
			isa = PBXFrameworksBuildPhase;
			buildActionMask = 2147483647;
			files = (
			);
			runOnlyForDeploymentPostprocessing = 0;
		};
		E82B3C452BD5C41700DF5DD9 /* Frameworks */ = {
			isa = PBXFrameworksBuildPhase;
			buildActionMask = 2147483647;
			files = (
			);
			runOnlyForDeploymentPostprocessing = 0;
		};
		E82B3C4F2BD5C41700DF5DD9 /* Frameworks */ = {
			isa = PBXFrameworksBuildPhase;
			buildActionMask = 2147483647;
			files = (
			);
			runOnlyForDeploymentPostprocessing = 0;
		};
/* End PBXFrameworksBuildPhase section */

/* Begin PBXGroup section */
		E82B3C2D2BD5C41600DF5DD9 = {
			isa = PBXGroup;
			children = (
				E82B3C382BD5C41600DF5DD9 /* poc-expense-swiftdata */,
				E82B3C4B2BD5C41700DF5DD9 /* poc-expense-swiftdataTests */,
				E82B3C552BD5C41700DF5DD9 /* poc-expense-swiftdataUITests */,
				E82B3C372BD5C41600DF5DD9 /* Products */,
			);
			sourceTree = "<group>";
		};
		E82B3C372BD5C41600DF5DD9 /* Products */ = {
			isa = PBXGroup;
			children = (
				E82B3C362BD5C41600DF5DD9 /* poc-expense-swiftdata.app */,
				E82B3C482BD5C41700DF5DD9 /* poc-expense-swiftdataTests.xctest */,
				E82B3C522BD5C41700DF5DD9 /* poc-expense-swiftdataUITests.xctest */,
			);
			name = Products;
			sourceTree = "<group>";
		};
		E82B3C382BD5C41600DF5DD9 /* poc-expense-swiftdata */ = {
			isa = PBXGroup;
			children = (
				E82B3C392BD5C41600DF5DD9 /* poc_expense_swiftdataApp.swift */,
				E82B3C3B2BD5C41600DF5DD9 /* ContentView.swift */,
				E82B3C3D2BD5C41600DF5DD9 /* Expense.swift */,
				E82B3C3F2BD5C41700DF5DD9 /* Assets.xcassets */,
				E82B3C412BD5C41700DF5DD9 /* Preview Content */,
				E82B3C652BD5CAF400DF5DD9 /* AddExpenseSheet.swift */,
				E82B3C672BD5CDBC00DF5DD9 /* ExpenseCell.swift */,
				E82B3C692BD5F1A100DF5DD9 /* UpdateExpenseSheet.swift */,
				E866E56A2BE747CD00EBB69A /* ChartView.swift */,
			);
			path = "poc-expense-swiftdata";
			sourceTree = "<group>";
		};
		E82B3C412BD5C41700DF5DD9 /* Preview Content */ = {
			isa = PBXGroup;
			children = (
				E82B3C422BD5C41700DF5DD9 /* Preview Assets.xcassets */,
			);
			path = "Preview Content";
			sourceTree = "<group>";
		};
		E82B3C4B2BD5C41700DF5DD9 /* poc-expense-swiftdataTests */ = {
			isa = PBXGroup;
			children = (
				E82B3C4C2BD5C41700DF5DD9 /* poc_expense_swiftdataTests.swift */,
			);
			path = "poc-expense-swiftdataTests";
			sourceTree = "<group>";
		};
		E82B3C552BD5C41700DF5DD9 /* poc-expense-swiftdataUITests */ = {
			isa = PBXGroup;
			children = (
				E82B3C562BD5C41700DF5DD9 /* poc_expense_swiftdataUITests.swift */,
				E82B3C582BD5C41700DF5DD9 /* poc_expense_swiftdataUITestsLaunchTests.swift */,
			);
			path = "poc-expense-swiftdataUITests";
			sourceTree = "<group>";
		};
/* End PBXGroup section */

/* Begin PBXNativeTarget section */
		E82B3C352BD5C41600DF5DD9 /* poc-expense-swiftdata */ = {
			isa = PBXNativeTarget;
			buildConfigurationList = E82B3C5C2BD5C41700DF5DD9 /* Build configuration list for PBXNativeTarget "poc-expense-swiftdata" */;
			buildPhases = (
				E82B3C322BD5C41600DF5DD9 /* Sources */,
				E82B3C332BD5C41600DF5DD9 /* Frameworks */,
				E82B3C342BD5C41600DF5DD9 /* Resources */,
			);
			buildRules = (
			);
			dependencies = (
			);
			name = "poc-expense-swiftdata";
			productName = "poc-expense-swiftdata";
			productReference = E82B3C362BD5C41600DF5DD9 /* poc-expense-swiftdata.app */;
			productType = "com.apple.product-type.application";
		};
		E82B3C472BD5C41700DF5DD9 /* poc-expense-swiftdataTests */ = {
			isa = PBXNativeTarget;
			buildConfigurationList = E82B3C5F2BD5C41700DF5DD9 /* Build configuration list for PBXNativeTarget "poc-expense-swiftdataTests" */;
			buildPhases = (
				E82B3C442BD5C41700DF5DD9 /* Sources */,
				E82B3C452BD5C41700DF5DD9 /* Frameworks */,
				E82B3C462BD5C41700DF5DD9 /* Resources */,
			);
			buildRules = (
			);
			dependencies = (
				E82B3C4A2BD5C41700DF5DD9 /* PBXTargetDependency */,
			);
			name = "poc-expense-swiftdataTests";
			productName = "poc-expense-swiftdataTests";
			productReference = E82B3C482BD5C41700DF5DD9 /* poc-expense-swiftdataTests.xctest */;
			productType = "com.apple.product-type.bundle.unit-test";
		};
		E82B3C512BD5C41700DF5DD9 /* poc-expense-swiftdataUITests */ = {
			isa = PBXNativeTarget;
			buildConfigurationList = E82B3C622BD5C41700DF5DD9 /* Build configuration list for PBXNativeTarget "poc-expense-swiftdataUITests" */;
			buildPhases = (
				E82B3C4E2BD5C41700DF5DD9 /* Sources */,
				E82B3C4F2BD5C41700DF5DD9 /* Frameworks */,
				E82B3C502BD5C41700DF5DD9 /* Resources */,
			);
			buildRules = (
			);
			dependencies = (
				E82B3C542BD5C41700DF5DD9 /* PBXTargetDependency */,
			);
			name = "poc-expense-swiftdataUITests";
			productName = "poc-expense-swiftdataUITests";
			productReference = E82B3C522BD5C41700DF5DD9 /* poc-expense-swiftdataUITests.xctest */;
			productType = "com.apple.product-type.bundle.ui-testing";
		};
/* End PBXNativeTarget section */

/* Begin PBXProject section */
		E82B3C2E2BD5C41600DF5DD9 /* Project object */ = {
			isa = PBXProject;
			attributes = {
				BuildIndependentTargetsInParallel = 1;
				LastSwiftUpdateCheck = 1530;
				LastUpgradeCheck = 1530;
				TargetAttributes = {
					E82B3C352BD5C41600DF5DD9 = {
						CreatedOnToolsVersion = 15.3;
					};
					E82B3C472BD5C41700DF5DD9 = {
						CreatedOnToolsVersion = 15.3;
						TestTargetID = E82B3C352BD5C41600DF5DD9;
					};
					E82B3C512BD5C41700DF5DD9 = {
						CreatedOnToolsVersion = 15.3;
						TestTargetID = E82B3C352BD5C41600DF5DD9;
					};
				};
			};
			buildConfigurationList = E82B3C312BD5C41600DF5DD9 /* Build configuration list for PBXProject "poc-expense-swiftdata" */;
			compatibilityVersion = "Xcode 14.0";
			developmentRegion = en;
			hasScannedForEncodings = 0;
			knownRegions = (
				en,
				Base,
			);
			mainGroup = E82B3C2D2BD5C41600DF5DD9;
			productRefGroup = E82B3C372BD5C41600DF5DD9 /* Products */;
			projectDirPath = "";
			projectRoot = "";
			targets = (
				E82B3C352BD5C41600DF5DD9 /* poc-expense-swiftdata */,
				E82B3C472BD5C41700DF5DD9 /* poc-expense-swiftdataTests */,
				E82B3C512BD5C41700DF5DD9 /* poc-expense-swiftdataUITests */,
			);
		};
/* End PBXProject section */

/* Begin PBXResourcesBuildPhase section */
		E82B3C342BD5C41600DF5DD9 /* Resources */ = {
			isa = PBXResourcesBuildPhase;
			buildActionMask = 2147483647;
			files = (
				E82B3C432BD5C41700DF5DD9 /* Preview Assets.xcassets in Resources */,
				E82B3C402BD5C41700DF5DD9 /* Assets.xcassets in Resources */,
			);
			runOnlyForDeploymentPostprocessing = 0;
		};
		E82B3C462BD5C41700DF5DD9 /* Resources */ = {
			isa = PBXResourcesBuildPhase;
			buildActionMask = 2147483647;
			files = (
			);
			runOnlyForDeploymentPostprocessing = 0;
		};
		E82B3C502BD5C41700DF5DD9 /* Resources */ = {
			isa = PBXResourcesBuildPhase;
			buildActionMask = 2147483647;
			files = (
			);
			runOnlyForDeploymentPostprocessing = 0;
		};
/* End PBXResourcesBuildPhase section */

/* Begin PBXSourcesBuildPhase section */
		E82B3C322BD5C41600DF5DD9 /* Sources */ = {
			isa = PBXSourcesBuildPhase;
			buildActionMask = 2147483647;
			files = (
				E82B3C3C2BD5C41600DF5DD9 /* ContentView.swift in Sources */,
				E82B3C3E2BD5C41600DF5DD9 /* Expense.swift in Sources */,
				E82B3C682BD5CDBC00DF5DD9 /* ExpenseCell.swift in Sources */,
				E866E56B2BE747CD00EBB69A /* ChartView.swift in Sources */,
				E82B3C6A2BD5F1A100DF5DD9 /* UpdateExpenseSheet.swift in Sources */,
				E82B3C662BD5CAF400DF5DD9 /* AddExpenseSheet.swift in Sources */,
				E82B3C3A2BD5C41600DF5DD9 /* poc_expense_swiftdataApp.swift in Sources */,
			);
			runOnlyForDeploymentPostprocessing = 0;
		};
		E82B3C442BD5C41700DF5DD9 /* Sources */ = {
			isa = PBXSourcesBuildPhase;
			buildActionMask = 2147483647;
			files = (
				E82B3C4D2BD5C41700DF5DD9 /* poc_expense_swiftdataTests.swift in Sources */,
			);
			runOnlyForDeploymentPostprocessing = 0;
		};
		E82B3C4E2BD5C41700DF5DD9 /* Sources */ = {
			isa = PBXSourcesBuildPhase;
			buildActionMask = 2147483647;
			files = (
				E82B3C592BD5C41700DF5DD9 /* poc_expense_swiftdataUITestsLaunchTests.swift in Sources */,
				E82B3C572BD5C41700DF5DD9 /* poc_expense_swiftdataUITests.swift in Sources */,
			);
			runOnlyForDeploymentPostprocessing = 0;
		};
/* End PBXSourcesBuildPhase section */

/* Begin PBXTargetDependency section */
		E82B3C4A2BD5C41700DF5DD9 /* PBXTargetDependency */ = {
			isa = PBXTargetDependency;
			target = E82B3C352BD5C41600DF5DD9 /* poc-expense-swiftdata */;
			targetProxy = E82B3C492BD5C41700DF5DD9 /* PBXContainerItemProxy */;
		};
		E82B3C542BD5C41700DF5DD9 /* PBXTargetDependency */ = {
			isa = PBXTargetDependency;
			target = E82B3C352BD5C41600DF5DD9 /* poc-expense-swiftdata */;
			targetProxy = E82B3C532BD5C41700DF5DD9 /* PBXContainerItemProxy */;
		};
/* End PBXTargetDependency section */

/* Begin XCBuildConfiguration section */
		E82B3C5A2BD5C41700DF5DD9 /* Debug */ = {
			isa = XCBuildConfiguration;
			buildSettings = {
				ALWAYS_SEARCH_USER_PATHS = NO;
				ASSETCATALOG_COMPILER_GENERATE_SWIFT_ASSET_SYMBOL_EXTENSIONS = YES;
				CLANG_ANALYZER_NONNULL = YES;
				CLANG_ANALYZER_NUMBER_OBJECT_CONVERSION = YES_AGGRESSIVE;
				CLANG_CXX_LANGUAGE_STANDARD = "gnu++20";
				CLANG_ENABLE_MODULES = YES;
				CLANG_ENABLE_OBJC_ARC = YES;
				CLANG_ENABLE_OBJC_WEAK = YES;
				CLANG_WARN_BLOCK_CAPTURE_AUTORELEASING = YES;
				CLANG_WARN_BOOL_CONVERSION = YES;
				CLANG_WARN_COMMA = YES;
				CLANG_WARN_CONSTANT_CONVERSION = YES;
				CLANG_WARN_DEPRECATED_OBJC_IMPLEMENTATIONS = YES;
				CLANG_WARN_DIRECT_OBJC_ISA_USAGE = YES_ERROR;
				CLANG_WARN_DOCUMENTATION_COMMENTS = YES;
				CLANG_WARN_EMPTY_BODY = YES;
				CLANG_WARN_ENUM_CONVERSION = YES;
				CLANG_WARN_INFINITE_RECURSION = YES;
				CLANG_WARN_INT_CONVERSION = YES;
				CLANG_WARN_NON_LITERAL_NULL_CONVERSION = YES;
				CLANG_WARN_OBJC_IMPLICIT_RETAIN_SELF = YES;
				CLANG_WARN_OBJC_LITERAL_CONVERSION = YES;
				CLANG_WARN_OBJC_ROOT_CLASS = YES_ERROR;
				CLANG_WARN_QUOTED_INCLUDE_IN_FRAMEWORK_HEADER = YES;
				CLANG_WARN_RANGE_LOOP_ANALYSIS = YES;
				CLANG_WARN_STRICT_PROTOTYPES = YES;
				CLANG_WARN_SUSPICIOUS_MOVE = YES;
				CLANG_WARN_UNGUARDED_AVAILABILITY = YES_AGGRESSIVE;
				CLANG_WARN_UNREACHABLE_CODE = YES;
				CLANG_WARN__DUPLICATE_METHOD_MATCH = YES;
				COPY_PHASE_STRIP = NO;
				DEBUG_INFORMATION_FORMAT = dwarf;
				ENABLE_STRICT_OBJC_MSGSEND = YES;
				ENABLE_TESTABILITY = YES;
				ENABLE_USER_SCRIPT_SANDBOXING = YES;
				GCC_C_LANGUAGE_STANDARD = gnu17;
				GCC_DYNAMIC_NO_PIC = NO;
				GCC_NO_COMMON_BLOCKS = YES;
				GCC_OPTIMIZATION_LEVEL = 0;
				GCC_PREPROCESSOR_DEFINITIONS = (
					"DEBUG=1",
					"$(inherited)",
				);
				GCC_WARN_64_TO_32_BIT_CONVERSION = YES;
				GCC_WARN_ABOUT_RETURN_TYPE = YES_ERROR;
				GCC_WARN_UNDECLARED_SELECTOR = YES;
				GCC_WARN_UNINITIALIZED_AUTOS = YES_AGGRESSIVE;
				GCC_WARN_UNUSED_FUNCTION = YES;
				GCC_WARN_UNUSED_VARIABLE = YES;
				IPHONEOS_DEPLOYMENT_TARGET = 17.4;
				LOCALIZATION_PREFERS_STRING_CATALOGS = YES;
				MTL_ENABLE_DEBUG_INFO = INCLUDE_SOURCE;
				MTL_FAST_MATH = YES;
				ONLY_ACTIVE_ARCH = YES;
				SDKROOT = iphoneos;
				SWIFT_ACTIVE_COMPILATION_CONDITIONS = "DEBUG $(inherited)";
				SWIFT_OPTIMIZATION_LEVEL = "-Onone";
			};
			name = Debug;
		};
		E82B3C5B2BD5C41700DF5DD9 /* Release */ = {
			isa = XCBuildConfiguration;
			buildSettings = {
				ALWAYS_SEARCH_USER_PATHS = NO;
				ASSETCATALOG_COMPILER_GENERATE_SWIFT_ASSET_SYMBOL_EXTENSIONS = YES;
				CLANG_ANALYZER_NONNULL = YES;
				CLANG_ANALYZER_NUMBER_OBJECT_CONVERSION = YES_AGGRESSIVE;
				CLANG_CXX_LANGUAGE_STANDARD = "gnu++20";
				CLANG_ENABLE_MODULES = YES;
				CLANG_ENABLE_OBJC_ARC = YES;
				CLANG_ENABLE_OBJC_WEAK = YES;
				CLANG_WARN_BLOCK_CAPTURE_AUTORELEASING = YES;
				CLANG_WARN_BOOL_CONVERSION = YES;
				CLANG_WARN_COMMA = YES;
				CLANG_WARN_CONSTANT_CONVERSION = YES;
				CLANG_WARN_DEPRECATED_OBJC_IMPLEMENTATIONS = YES;
				CLANG_WARN_DIRECT_OBJC_ISA_USAGE = YES_ERROR;
				CLANG_WARN_DOCUMENTATION_COMMENTS = YES;
				CLANG_WARN_EMPTY_BODY = YES;
				CLANG_WARN_ENUM_CONVERSION = YES;
				CLANG_WARN_INFINITE_RECURSION = YES;
				CLANG_WARN_INT_CONVERSION = YES;
				CLANG_WARN_NON_LITERAL_NULL_CONVERSION = YES;
				CLANG_WARN_OBJC_IMPLICIT_RETAIN_SELF = YES;
				CLANG_WARN_OBJC_LITERAL_CONVERSION = YES;
				CLANG_WARN_OBJC_ROOT_CLASS = YES_ERROR;
				CLANG_WARN_QUOTED_INCLUDE_IN_FRAMEWORK_HEADER = YES;
				CLANG_WARN_RANGE_LOOP_ANALYSIS = YES;
				CLANG_WARN_STRICT_PROTOTYPES = YES;
				CLANG_WARN_SUSPICIOUS_MOVE = YES;
				CLANG_WARN_UNGUARDED_AVAILABILITY = YES_AGGRESSIVE;
				CLANG_WARN_UNREACHABLE_CODE = YES;
				CLANG_WARN__DUPLICATE_METHOD_MATCH = YES;
				COPY_PHASE_STRIP = NO;
				DEBUG_INFORMATION_FORMAT = "dwarf-with-dsym";
				ENABLE_NS_ASSERTIONS = NO;
				ENABLE_STRICT_OBJC_MSGSEND = YES;
				ENABLE_USER_SCRIPT_SANDBOXING = YES;
				GCC_C_LANGUAGE_STANDARD = gnu17;
				GCC_NO_COMMON_BLOCKS = YES;
				GCC_WARN_64_TO_32_BIT_CONVERSION = YES;
				GCC_WARN_ABOUT_RETURN_TYPE = YES_ERROR;
				GCC_WARN_UNDECLARED_SELECTOR = YES;
				GCC_WARN_UNINITIALIZED_AUTOS = YES_AGGRESSIVE;
				GCC_WARN_UNUSED_FUNCTION = YES;
				GCC_WARN_UNUSED_VARIABLE = YES;
				IPHONEOS_DEPLOYMENT_TARGET = 17.4;
				LOCALIZATION_PREFERS_STRING_CATALOGS = YES;
				MTL_ENABLE_DEBUG_INFO = NO;
				MTL_FAST_MATH = YES;
				SDKROOT = iphoneos;
				SWIFT_COMPILATION_MODE = wholemodule;
				VALIDATE_PRODUCT = YES;
			};
			name = Release;
		};
		E82B3C5D2BD5C41700DF5DD9 /* Debug */ = {
			isa = XCBuildConfiguration;
			buildSettings = {
				ASSETCATALOG_COMPILER_APPICON_NAME = AppIcon;
				ASSETCATALOG_COMPILER_GLOBAL_ACCENT_COLOR_NAME = AccentColor;
				CODE_SIGN_STYLE = Automatic;
				CURRENT_PROJECT_VERSION = 1;
				DEVELOPMENT_ASSET_PATHS = "\"poc-expense-swiftdata/Preview Content\"";
				DEVELOPMENT_TEAM = TY779B5T49;
				ENABLE_PREVIEWS = YES;
				GENERATE_INFOPLIST_FILE = YES;
				INFOPLIST_KEY_UIApplicationSceneManifest_Generation = YES;
				INFOPLIST_KEY_UIApplicationSupportsIndirectInputEvents = YES;
				INFOPLIST_KEY_UILaunchScreen_Generation = YES;
				INFOPLIST_KEY_UISupportedInterfaceOrientations_iPad = "UIInterfaceOrientationPortrait UIInterfaceOrientationPortraitUpsideDown UIInterfaceOrientationLandscapeLeft UIInterfaceOrientationLandscapeRight";
				INFOPLIST_KEY_UISupportedInterfaceOrientations_iPhone = "UIInterfaceOrientationPortrait UIInterfaceOrientationLandscapeLeft UIInterfaceOrientationLandscapeRight";
				LD_RUNPATH_SEARCH_PATHS = (
					"$(inherited)",
					"@executable_path/Frameworks",
				);
				MARKETING_VERSION = 1.0;
				PRODUCT_BUNDLE_IDENTIFIER = "com.syncotia.poc-expense-swiftdata";
				PRODUCT_NAME = "$(TARGET_NAME)";
				SWIFT_EMIT_LOC_STRINGS = YES;
				SWIFT_VERSION = 5.0;
				TARGETED_DEVICE_FAMILY = "1,2";
			};
			name = Debug;
		};
		E82B3C5E2BD5C41700DF5DD9 /* Release */ = {
			isa = XCBuildConfiguration;
			buildSettings = {
				ASSETCATALOG_COMPILER_APPICON_NAME = AppIcon;
				ASSETCATALOG_COMPILER_GLOBAL_ACCENT_COLOR_NAME = AccentColor;
				CODE_SIGN_STYLE = Automatic;
				CURRENT_PROJECT_VERSION = 1;
				DEVELOPMENT_ASSET_PATHS = "\"poc-expense-swiftdata/Preview Content\"";
				DEVELOPMENT_TEAM = TY779B5T49;
				ENABLE_PREVIEWS = YES;
				GENERATE_INFOPLIST_FILE = YES;
				INFOPLIST_KEY_UIApplicationSceneManifest_Generation = YES;
				INFOPLIST_KEY_UIApplicationSupportsIndirectInputEvents = YES;
				INFOPLIST_KEY_UILaunchScreen_Generation = YES;
				INFOPLIST_KEY_UISupportedInterfaceOrientations_iPad = "UIInterfaceOrientationPortrait UIInterfaceOrientationPortraitUpsideDown UIInterfaceOrientationLandscapeLeft UIInterfaceOrientationLandscapeRight";
				INFOPLIST_KEY_UISupportedInterfaceOrientations_iPhone = "UIInterfaceOrientationPortrait UIInterfaceOrientationLandscapeLeft UIInterfaceOrientationLandscapeRight";
				LD_RUNPATH_SEARCH_PATHS = (
					"$(inherited)",
					"@executable_path/Frameworks",
				);
				MARKETING_VERSION = 1.0;
				PRODUCT_BUNDLE_IDENTIFIER = "com.syncotia.poc-expense-swiftdata";
				PRODUCT_NAME = "$(TARGET_NAME)";
				SWIFT_EMIT_LOC_STRINGS = YES;
				SWIFT_VERSION = 5.0;
				TARGETED_DEVICE_FAMILY = "1,2";
			};
			name = Release;
		};
		E82B3C602BD5C41700DF5DD9 /* Debug */ = {
			isa = XCBuildConfiguration;
			buildSettings = {
				ALWAYS_EMBED_SWIFT_STANDARD_LIBRARIES = YES;
				BUNDLE_LOADER = "$(TEST_HOST)";
				CODE_SIGN_STYLE = Automatic;
				CURRENT_PROJECT_VERSION = 1;
				DEVELOPMENT_TEAM = TY779B5T49;
				GENERATE_INFOPLIST_FILE = YES;
				IPHONEOS_DEPLOYMENT_TARGET = 17.4;
				MARKETING_VERSION = 1.0;
				PRODUCT_BUNDLE_IDENTIFIER = "com.syncotia.poc-expense-swiftdataTests";
				PRODUCT_NAME = "$(TARGET_NAME)";
				SWIFT_EMIT_LOC_STRINGS = NO;
				SWIFT_VERSION = 5.0;
				TARGETED_DEVICE_FAMILY = "1,2";
				TEST_HOST = "$(BUILT_PRODUCTS_DIR)/poc-expense-swiftdata.app/$(BUNDLE_EXECUTABLE_FOLDER_PATH)/poc-expense-swiftdata";
			};
			name = Debug;
		};
		E82B3C612BD5C41700DF5DD9 /* Release */ = {
			isa = XCBuildConfiguration;
			buildSettings = {
				ALWAYS_EMBED_SWIFT_STANDARD_LIBRARIES = YES;
				BUNDLE_LOADER = "$(TEST_HOST)";
				CODE_SIGN_STYLE = Automatic;
				CURRENT_PROJECT_VERSION = 1;
				DEVELOPMENT_TEAM = TY779B5T49;
				GENERATE_INFOPLIST_FILE = YES;
				IPHONEOS_DEPLOYMENT_TARGET = 17.4;
				MARKETING_VERSION = 1.0;
				PRODUCT_BUNDLE_IDENTIFIER = "com.syncotia.poc-expense-swiftdataTests";
				PRODUCT_NAME = "$(TARGET_NAME)";
				SWIFT_EMIT_LOC_STRINGS = NO;
				SWIFT_VERSION = 5.0;
				TARGETED_DEVICE_FAMILY = "1,2";
				TEST_HOST = "$(BUILT_PRODUCTS_DIR)/poc-expense-swiftdata.app/$(BUNDLE_EXECUTABLE_FOLDER_PATH)/poc-expense-swiftdata";
			};
			name = Release;
		};
		E82B3C632BD5C41700DF5DD9 /* Debug */ = {
			isa = XCBuildConfiguration;
			buildSettings = {
				ALWAYS_EMBED_SWIFT_STANDARD_LIBRARIES = YES;
				CODE_SIGN_STYLE = Automatic;
				CURRENT_PROJECT_VERSION = 1;
				DEVELOPMENT_TEAM = TY779B5T49;
				GENERATE_INFOPLIST_FILE = YES;
				MARKETING_VERSION = 1.0;
				PRODUCT_BUNDLE_IDENTIFIER = "com.syncotia.poc-expense-swiftdataUITests";
				PRODUCT_NAME = "$(TARGET_NAME)";
				SWIFT_EMIT_LOC_STRINGS = NO;
				SWIFT_VERSION = 5.0;
				TARGETED_DEVICE_FAMILY = "1,2";
				TEST_TARGET_NAME = "poc-expense-swiftdata";
			};
			name = Debug;
		};
		E82B3C642BD5C41700DF5DD9 /* Release */ = {
			isa = XCBuildConfiguration;
			buildSettings = {
				ALWAYS_EMBED_SWIFT_STANDARD_LIBRARIES = YES;
				CODE_SIGN_STYLE = Automatic;
				CURRENT_PROJECT_VERSION = 1;
				DEVELOPMENT_TEAM = TY779B5T49;
				GENERATE_INFOPLIST_FILE = YES;
				MARKETING_VERSION = 1.0;
				PRODUCT_BUNDLE_IDENTIFIER = "com.syncotia.poc-expense-swiftdataUITests";
				PRODUCT_NAME = "$(TARGET_NAME)";
				SWIFT_EMIT_LOC_STRINGS = NO;
				SWIFT_VERSION = 5.0;
				TARGETED_DEVICE_FAMILY = "1,2";
				TEST_TARGET_NAME = "poc-expense-swiftdata";
			};
			name = Release;
		};
/* End XCBuildConfiguration section */

/* Begin XCConfigurationList section */
		E82B3C312BD5C41600DF5DD9 /* Build configuration list for PBXProject "poc-expense-swiftdata" */ = {
			isa = XCConfigurationList;
			buildConfigurations = (
				E82B3C5A2BD5C41700DF5DD9 /* Debug */,
				E82B3C5B2BD5C41700DF5DD9 /* Release */,
			);
			defaultConfigurationIsVisible = 0;
			defaultConfigurationName = Release;
		};
		E82B3C5C2BD5C41700DF5DD9 /* Build configuration list for PBXNativeTarget "poc-expense-swiftdata" */ = {
			isa = XCConfigurationList;
			buildConfigurations = (
				E82B3C5D2BD5C41700DF5DD9 /* Debug */,
				E82B3C5E2BD5C41700DF5DD9 /* Release */,
			);
			defaultConfigurationIsVisible = 0;
			defaultConfigurationName = Release;
		};
		E82B3C5F2BD5C41700DF5DD9 /* Build configuration list for PBXNativeTarget "poc-expense-swiftdataTests" */ = {
			isa = XCConfigurationList;
			buildConfigurations = (
				E82B3C602BD5C41700DF5DD9 /* Debug */,
				E82B3C612BD5C41700DF5DD9 /* Release */,
			);
			defaultConfigurationIsVisible = 0;
			defaultConfigurationName = Release;
		};
		E82B3C622BD5C41700DF5DD9 /* Build configuration list for PBXNativeTarget "poc-expense-swiftdataUITests" */ = {
			isa = XCConfigurationList;
			buildConfigurations = (
				E82B3C632BD5C41700DF5DD9 /* Debug */,
				E82B3C642BD5C41700DF5DD9 /* Release */,
			);
			defaultConfigurationIsVisible = 0;
			defaultConfigurationName = Release;
		};
/* End XCConfigurationList section */
	};
	rootObject = E82B3C2E2BD5C41600DF5DD9 /* Project object */;
}
